dependencies:
- name: odoo
  repository: oci://registry-1.docker.io/bitnamicharts
  version: 21.6.5
- name: minio
  repository: oci://registry-1.docker.io/bitnamicharts
  version: 12.12.2
- name: odk-central
  repository: https://openg2p.github.io/openg2p-helm
  version: v2024.1.0
- name: mail
  repository: https://openg2p.github.io/openg2p-helm
  version: 1.2.0
digest: sha256:dd42fece4d31f8f40a378d390e284464109d4890e116f50e5d2ed97c84ade7ad
generated: "2024-05-31T14:46:02.265192934+05:30"
